
Microsoft Visual Studio Solution File, Format Version 12.00
Project("{FAE04EC0-301F-11D3-BF4B-00C04F79EFBC}") = "Hookr.Telegram", "Hookr.Telegram\Hookr.Telegram.csproj", "{66C54099-20C3-4780-82E6-62FEEF70F170}"
EndProject
Project("{FAE04EC0-301F-11D3-BF4B-00C04F79EFBC}") = "Hookr.Web.Backend", "Web\Hookr.Web.Backend\Hookr.Web.Backend.csproj", "{CF07852E-A650-4D3D-BA92-669D7974C681}"
EndProject
Project("{FAE04EC0-301F-11D3-BF4B-00C04F79EFBC}") = "Hookr.Core", "Hookr.Core\Hookr.Core.csproj", "{2745272E-1518-4549-8105-A5CC42441304}"
EndProject
Project("{FAE04EC0-301F-11D3-BF4B-00C04F79EFBC}") = "Hookr.Migrator", "Hookr.Migrator\Hookr.Migrator.csproj", "{63422607-F19D-4325-B68F-7EF6A0C31585}"
EndProject
Global
	GlobalSection(SolutionConfigurationPlatforms) = preSolution
		Debug|Any CPU = Debug|Any CPU
		Release|Any CPU = Release|Any CPU
	EndGlobalSection
	GlobalSection(ProjectConfigurationPlatforms) = postSolution
		{66C54099-20C3-4780-82E6-62FEEF70F170}.Debug|Any CPU.ActiveCfg = Debug|Any CPU
		{66C54099-20C3-4780-82E6-62FEEF70F170}.Debug|Any CPU.Build.0 = Debug|Any CPU
		{66C54099-20C3-4780-82E6-62FEEF70F170}.Release|Any CPU.ActiveCfg = Release|Any CPU
		{66C54099-20C3-4780-82E6-62FEEF70F170}.Release|Any CPU.Build.0 = Release|Any CPU
		{CF07852E-A650-4D3D-BA92-669D7974C681}.Debug|Any CPU.ActiveCfg = Debug|Any CPU
		{CF07852E-A650-4D3D-BA92-669D7974C681}.Debug|Any CPU.Build.0 = Debug|Any CPU
		{CF07852E-A650-4D3D-BA92-669D7974C681}.Release|Any CPU.ActiveCfg = Release|Any CPU
		{CF07852E-A650-4D3D-BA92-669D7974C681}.Release|Any CPU.Build.0 = Release|Any CPU
		{2745272E-1518-4549-8105-A5CC42441304}.Debug|Any CPU.ActiveCfg = Debug|Any CPU
		{2745272E-1518-4549-8105-A5CC42441304}.Debug|Any CPU.Build.0 = Debug|Any CPU
		{2745272E-1518-4549-8105-A5CC42441304}.Release|Any CPU.ActiveCfg = Release|Any CPU
		{2745272E-1518-4549-8105-A5CC42441304}.Release|Any CPU.Build.0 = Release|Any CPU
		{63422607-F19D-4325-B68F-7EF6A0C31585}.Debug|Any CPU.ActiveCfg = Debug|Any CPU
		{63422607-F19D-4325-B68F-7EF6A0C31585}.Debug|Any CPU.Build.0 = Debug|Any CPU
		{63422607-F19D-4325-B68F-7EF6A0C31585}.Release|Any CPU.ActiveCfg = Release|Any CPU
		{63422607-F19D-4325-B68F-7EF6A0C31585}.Release|Any CPU.Build.0 = Release|Any CPU
	EndGlobalSection
EndGlobal
